
Microsoft Visual Studio Solution File, Format Version 12.00
# Visual Studio Version 17
VisualStudioVersion = 17.4.33110.190
MinimumVisualStudioVersion = 10.0.40219.1
Project("{FAE04EC0-301F-11D3-BF4B-00C04F79EFBC}") = "TUTORIAL REACT 1", "TUTORIAL REACT 1.csproj", "{92DB4209-D47A-49ED-AE16-23203D0167E7}"
EndProject
Global
	GlobalSection(SolutionConfigurationPlatforms) = preSolution
		Debug|Any CPU = Debug|Any CPU
		Release|Any CPU = Release|Any CPU
	EndGlobalSection
	GlobalSection(ProjectConfigurationPlatforms) = postSolution
		{92DB4209-D47A-49ED-AE16-23203D0167E7}.Debug|Any CPU.ActiveCfg = Debug|Any CPU
		{92DB4209-D47A-49ED-AE16-23203D0167E7}.Debug|Any CPU.Build.0 = Debug|Any CPU
		{92DB4209-D47A-49ED-AE16-23203D0167E7}.Release|Any CPU.ActiveCfg = Release|Any CPU
		{92DB4209-D47A-49ED-AE16-23203D0167E7}.Release|Any CPU.Build.0 = Release|Any CPU
	EndGlobalSection
	GlobalSection(SolutionProperties) = preSolution
		HideSolutionNode = FALSE
	EndGlobalSection
	GlobalSection(ExtensibilityGlobals) = postSolution
		SolutionGuid = {4A2E6B1E-1BDC-4D8A-A9BC-76B868011E2D}
	EndGlobalSection
EndGlobal
